{
  "requires": true,
  "lockfileVersion": 1,
  "dependencies": {
    "dotenv": {
      "version": "8.2.0",
      "resolved": "https://registry.npmjs.org/dotenv/-/dotenv-8.2.0.tgz",
      "integrity": "sha512-8sJ78ElpbDJBHNeBzUbUVLsqKdccaa/BXF1uPTw3GrvQTBgrQrtObr2mUrE38vzYd8cEv+m/JBfDLioYcfXoaw=="
    },
    "shared_preferences": {
      "version": "1.0.0",
      "resolved": "https://registry.npmjs.org/shared_preferences/-/shared_preferences-1.0.0.tgz",
      "integrity": "sha1-qaXQpv9PfAd6VUTZCxklNy0F8Xg="
    }
  }
}
